
Microsoft Visual Studio Solution File, Format Version 12.00
# Visual Studio Version 16
VisualStudioVersion = 16.0.30011.22
MinimumVisualStudioVersion = 10.0.40219.1
Project("{FAE04EC0-301F-11D3-BF4B-00C04F79EFBC}") = "ContainerVervoer", "ContainerVervoer\ContainerVervoer.csproj", "{5B363E44-2235-48D0-B455-A8591A6F7C5C}"
EndProject
Global
	GlobalSection(SolutionConfigurationPlatforms) = preSolution
		Debug|Any CPU = Debug|Any CPU
		Release|Any CPU = Release|Any CPU
	EndGlobalSection
	GlobalSection(ProjectConfigurationPlatforms) = postSolution
		{5B363E44-2235-48D0-B455-A8591A6F7C5C}.Debug|Any CPU.ActiveCfg = Debug|Any CPU
		{5B363E44-2235-48D0-B455-A8591A6F7C5C}.Debug|Any CPU.Build.0 = Debug|Any CPU
		{5B363E44-2235-48D0-B455-A8591A6F7C5C}.Release|Any CPU.ActiveCfg = Release|Any CPU
		{5B363E44-2235-48D0-B455-A8591A6F7C5C}.Release|Any CPU.Build.0 = Release|Any CPU
	EndGlobalSection
	GlobalSection(SolutionProperties) = preSolution
		HideSolutionNode = FALSE
	EndGlobalSection
	GlobalSection(ExtensibilityGlobals) = postSolution
		SolutionGuid = {086F2A4B-92C6-4D46-9285-4D057E2CEEB1}
	EndGlobalSection
EndGlobal
